
Microsoft Visual Studio Solution File, Format Version 12.00
# Visual Studio Version 16
VisualStudioVersion = 16.0.29021.104
MinimumVisualStudioVersion = 10.0.40219.1
Project("{9A19103F-16F7-4668-BE54-9A1E7A4F7556}") = "SignalrCoreProxy", "SignalrCoreProxy\SignalrCoreProxy.csproj", "{A6DDAB5B-4177-4116-A81F-E1E75D58063A}"
EndProject
Project("{9A19103F-16F7-4668-BE54-9A1E7A4F7556}") = "SignalrCoreProxyTests", "SignalrCoreProxyTests\SignalrCoreProxyTests.csproj", "{3F4121B5-80B4-4A89-AAB4-83D09451BB39}"
EndProject
Global
	GlobalSection(SolutionConfigurationPlatforms) = preSolution
		Debug|Any CPU = Debug|Any CPU
		Release|Any CPU = Release|Any CPU
	EndGlobalSection
	GlobalSection(ProjectConfigurationPlatforms) = postSolution
		{A6DDAB5B-4177-4116-A81F-E1E75D58063A}.Debug|Any CPU.ActiveCfg = Debug|Any CPU
		{A6DDAB5B-4177-4116-A81F-E1E75D58063A}.Debug|Any CPU.Build.0 = Debug|Any CPU
		{A6DDAB5B-4177-4116-A81F-E1E75D58063A}.Release|Any CPU.ActiveCfg = Release|Any CPU
		{A6DDAB5B-4177-4116-A81F-E1E75D58063A}.Release|Any CPU.Build.0 = Release|Any CPU
		{3F4121B5-80B4-4A89-AAB4-83D09451BB39}.Debug|Any CPU.ActiveCfg = Debug|Any CPU
		{3F4121B5-80B4-4A89-AAB4-83D09451BB39}.Debug|Any CPU.Build.0 = Debug|Any CPU
		{3F4121B5-80B4-4A89-AAB4-83D09451BB39}.Release|Any CPU.ActiveCfg = Release|Any CPU
		{3F4121B5-80B4-4A89-AAB4-83D09451BB39}.Release|Any CPU.Build.0 = Release|Any CPU
	EndGlobalSection
	GlobalSection(SolutionProperties) = preSolution
		HideSolutionNode = FALSE
	EndGlobalSection
	GlobalSection(ExtensibilityGlobals) = postSolution
		SolutionGuid = {6B306EFE-918D-4FB5-8586-73578872844D}
	EndGlobalSection
EndGlobal
